
Microsoft Visual Studio Solution File, Format Version 12.00
# Visual Studio Version 17
VisualStudioVersion = 17.6.33723.286
MinimumVisualStudioVersion = 10.0.40219.1
Project("{9A19103F-16F7-4668-BE54-9A1E7A4F7556}") = "Lab_1", "Lab_1\Lab_1.csproj", "{C7D54F32-E0A6-4CFB-A0FB-744A9768FF30}"
EndProject
Project("{FAE04EC0-301F-11D3-BF4B-00C04F79EFBC}") = "Lab2", "Lab2\Lab2.csproj", "{928BCEC9-7044-421A-A70A-A68387090488}"
EndProject
Global
	GlobalSection(SolutionConfigurationPlatforms) = preSolution
		Debug|Any CPU = Debug|Any CPU
		Release|Any CPU = Release|Any CPU
	EndGlobalSection
	GlobalSection(ProjectConfigurationPlatforms) = postSolution
		{C7D54F32-E0A6-4CFB-A0FB-744A9768FF30}.Debug|Any CPU.ActiveCfg = Debug|Any CPU
		{C7D54F32-E0A6-4CFB-A0FB-744A9768FF30}.Debug|Any CPU.Build.0 = Debug|Any CPU
		{C7D54F32-E0A6-4CFB-A0FB-744A9768FF30}.Release|Any CPU.ActiveCfg = Release|Any CPU
		{C7D54F32-E0A6-4CFB-A0FB-744A9768FF30}.Release|Any CPU.Build.0 = Release|Any CPU
		{928BCEC9-7044-421A-A70A-A68387090488}.Debug|Any CPU.ActiveCfg = Debug|Any CPU
		{928BCEC9-7044-421A-A70A-A68387090488}.Debug|Any CPU.Build.0 = Debug|Any CPU
		{928BCEC9-7044-421A-A70A-A68387090488}.Release|Any CPU.ActiveCfg = Release|Any CPU
		{928BCEC9-7044-421A-A70A-A68387090488}.Release|Any CPU.Build.0 = Release|Any CPU
	EndGlobalSection
	GlobalSection(SolutionProperties) = preSolution
		HideSolutionNode = FALSE
	EndGlobalSection
	GlobalSection(ExtensibilityGlobals) = postSolution
		SolutionGuid = {238D92A8-6F09-4F46-A57E-9D2BB55AC380}
	EndGlobalSection
EndGlobal
